{
    "_readme": [
        "This file locks the dependencies of your project to a known state",
        "Read more about it at https://getcomposer.org/doc/01-basic-usage.md#installing-dependencies",
        "This file is @generated automatically"
    ],
    "content-hash": "43b1a28c95c8b27e66256a3a2e438cc6",
    "packages": [
        {
            "name": "militer/cms-core",
            "version": "dev-master",
            "source": {
                "type": "git",
                "url": "https://github.com/htmlcssjspro/cms-core.git",
                "reference": "4dedbef11654a8f0ce6e83ccc51edf3689b51abb"
            },
            "dist": {
                "type": "zip",
                "url": "https://api.github.com/repos/htmlcssjspro/cms-core/zipball/4dedbef11654a8f0ce6e83ccc51edf3689b51abb",
                "reference": "4dedbef11654a8f0ce6e83ccc51edf3689b51abb",
                "shasum": ""
            },
            "require": {
                "php": ">=7.4.0"
            },
            "type": "library",
            "autoload": {
                "psr-4": {
                    "Militer\\cmsCore\\": "src"
                }
            },
            "notification-url": "https://packagist.org/downloads/",
            "license": [
                "GPL-3.0-or-later"
            ],
            "authors": [
                {
                    "name": "Sergei MILITER Tarasov",
                    "email": "militer@htmlcssjs.pro",
                    "homepage": "https://htmlcssjs.pro",
                    "role": "Developer"
                }
            ],
            "description": "micro-cms для проекта composer militer/militer Движок веб-сайта с микро-mvc-фреймворком и микро-cms",
            "homepage": "https://github.com/htmlcssjspro/cms",
            "keywords": [
                "cms",
                "militer",
                "php"
            ],
            "time": "2020-05-04T07:28:29+00:00"
        },
        {
            "name": "militer/mvc-core",
            "version": "dev-master",
            "source": {
                "type": "git",
                "url": "https://github.com/htmlcssjspro/mvc-core.git",
                "reference": "84fc1c367231a9e5e29827e5cc5ef528d56b3c83"
            },
            "dist": {
                "type": "zip",
                "url": "https://api.github.com/repos/htmlcssjspro/mvc-core/zipball/84fc1c367231a9e5e29827e5cc5ef528d56b3c83",
                "reference": "84fc1c367231a9e5e29827e5cc5ef528d56b3c83",
                "shasum": ""
            },
            "require": {
                "php": ">=7.4.0"
            },
            "type": "library",
            "autoload": {
                "psr-4": {
                    "Militer\\mvcCore\\": "src"
                }
            },
            "notification-url": "https://packagist.org/downloads/",
            "license": [
                "GPL-3.0-or-later"
            ],
            "authors": [
                {
                    "name": "Sergei MILITER Tarasov",
                    "email": "militer@htmlcssjs.pro",
                    "homepage": "https://htmlcssjs.pro",
                    "role": "Developer"
                }
            ],
            "description": "micro-mvc-framework для проекта composer militer/militer Движок веб-сайта с микро-mvc-фреймворком и микро-cms",
            "homepage": "https://github.com/htmlcssjspro/mvc",
            "keywords": [
                "militer",
                "mvc",
                "php"
            ],
            "time": "2020-05-04T07:47:13+00:00"
        }
    ],
    "packages-dev": [
        {
            "name": "militer/dev-core",
            "version": "dev-master",
            "source": {
                "type": "git",
                "url": "https://github.com/htmlcssjspro/dev-core.git",
                "reference": "6597357590fdf0030205b0a845c7bbc90f873fc5"
            },
            "dist": {
                "type": "zip",
                "url": "https://api.github.com/repos/htmlcssjspro/dev-core/zipball/6597357590fdf0030205b0a845c7bbc90f873fc5",
                "reference": "6597357590fdf0030205b0a845c7bbc90f873fc5",
                "shasum": ""
            },
            "require": {
                "php": ">=7.4.0"
            },
            "type": "library",
            "autoload": {
                "psr-4": {
                    "Militer\\devCore\\": "src"
                }
            },
            "notification-url": "https://packagist.org/downloads/",
            "license": [
                "GPL-3.0-or-later"
            ],
            "authors": [
                {
                    "name": "Sergei MILITER Tarasov",
                    "email": "militer@htmlcssjs.pro",
                    "homepage": "https://htmlcssjs.pro",
                    "role": "Developer"
                }
            ],
            "description": "Библиотека разработчика для проекта composer militer/militer Движок веб-сайта с микро-mvc-фреймворком и микро-cms",
            "homepage": "https://github.com/htmlcssjspro/dev",
            "keywords": [
                "dev",
                "militer",
                "php"
            ],
            "time": "2020-05-04T07:45:43+00:00"
        }
    ],
    "aliases": [],
    "minimum-stability": "dev",
    "stability-flags": [],
    "prefer-stable": false,
    "prefer-lowest": false,
    "platform": [],
    "platform-dev": [],
    "plugin-api-version": "1.1.0"
}
